PODS:
  - GoogleMaps (4.1.0):
    - GoogleMaps/Maps (= 4.1.0)
  - GoogleMaps/Base (4.1.0)
  - GoogleMaps/Maps (4.1.0):
    - GoogleMaps/Base
  - PanModal (1.2.7)
  - Realm (10.1.1):
    - Realm/Headers (= 10.1.1)
  - Realm/Headers (10.1.1)
  - RealmSwift (10.1.1):
    - Realm (= 10.1.1)

DEPENDENCIES:
  - GoogleMaps
  - PanModal
  - RealmSwift

SPEC REPOS:
  trunk:
    - GoogleMaps
    - PanModal
    - Realm
    - RealmSwift

SPEC CHECKSUMS:
  GoogleMaps: 008e2c80e38605b56b560e8deb73d4194ff30bef
  PanModal: 3e16ead1a907fb06f4df3f13492fd00149fa4974
  Realm: 784ca1da1453e31a9c9adc14445421a81f316119
  RealmSwift: cc52fe0dcea56387274dff36e19219e055a3bb84

PODFILE CHECKSUM: 47c0cec9d14b67bb7ce0685352eb948408b6c8b9

COCOAPODS: 1.10.0
